
Microsoft Visual Studio Solution File, Format Version 12.00
# Visual Studio Version 17
VisualStudioVersion = 17.3.32929.385
MinimumVisualStudioVersion = 10.0.40219.1
Project("{FAE04EC0-301F-11D3-BF4B-00C04F79EFBC}") = "LineComparison274", "LineComparison274.csproj", "{40DDEA38-B28C-4E30-85A4-D760AEBBE062}"
EndProject
Global
	GlobalSection(SolutionConfigurationPlatforms) = preSolution
		Debug|Any CPU = Debug|Any CPU
		Release|Any CPU = Release|Any CPU
	EndGlobalSection
	GlobalSection(ProjectConfigurationPlatforms) = postSolution
		{40DDEA38-B28C-4E30-85A4-D760AEBBE062}.Debug|Any CPU.ActiveCfg = Debug|Any CPU
		{40DDEA38-B28C-4E30-85A4-D760AEBBE062}.Debug|Any CPU.Build.0 = Debug|Any CPU
		{40DDEA38-B28C-4E30-85A4-D760AEBBE062}.Release|Any CPU.ActiveCfg = Release|Any CPU
		{40DDEA38-B28C-4E30-85A4-D760AEBBE062}.Release|Any CPU.Build.0 = Release|Any CPU
	EndGlobalSection
	GlobalSection(SolutionProperties) = preSolution
		HideSolutionNode = FALSE
	EndGlobalSection
	GlobalSection(ExtensibilityGlobals) = postSolution
		SolutionGuid = {270A3E0F-3A43-41F1-9DA2-91996A43306E}
	EndGlobalSection
EndGlobal
